// !$*UTF8*$!
{
	archiveVersion = 1;
	classes = {
	};
	objectVersion = 46;
	objects = {

/* Begin PBXBuildFile section */
		E597596D1CD1FFC2001F2AC5 /* AppDelegate.swift in Sources */ = {isa = PBXBuildFile; fileRef = E597596C1CD1FFC2001F2AC5 /* AppDelegate.swift */; };
		E597596F1CD1FFC2001F2AC5 /* ViewController.swift in Sources */ = {isa = PBXBuildFile; fileRef = E597596E1CD1FFC2001F2AC5 /* ViewController.swift */; };
		E59759721CD1FFC2001F2AC5 /* Main.storyboard in Resources */ = {isa = PBXBuildFile; fileRef = E59759701CD1FFC2001F2AC5 /* Main.storyboard */; };
		E59759741CD1FFC2001F2AC5 /* Assets.xcassets in Resources */ = {isa = PBXBuildFile; fileRef = E59759731CD1FFC2001F2AC5 /* Assets.xcassets */; };
		E59759771CD1FFC2001F2AC5 /* LaunchScreen.storyboard in Resources */ = {isa = PBXBuildFile; fileRef = E59759751CD1FFC2001F2AC5 /* LaunchScreen.storyboard */; };
		E59759821CD1FFC2001F2AC5 /* SwiftyEmojiKeyboardDemoTests.swift in Sources */ = {isa = PBXBuildFile; fileRef = E59759811CD1FFC2001F2AC5 /* SwiftyEmojiKeyboardDemoTests.swift */; };
/* End PBXBuildFile section */

/* Begin PBXContainerItemProxy section */
		E597597E1CD1FFC2001F2AC5 /* PBXContainerItemProxy */ = {
			isa = PBXContainerItemProxy;
			containerPortal = E59759611CD1FFC1001F2AC5 /* Project object */;
			proxyType = 1;
			remoteGlobalIDString = E59759681CD1FFC2001F2AC5;
			remoteInfo = SwiftyEmojiKeyboardDemo;
		};
/* End PBXContainerItemProxy section */

/* Begin PBXFileReference section */
		E59759691CD1FFC2001F2AC5 /* SwiftyEmojiKeyboardDemo.app */ = {isa = PBXFileReference; explicitFileType = wrapper.application; includeInIndex = 0; path = SwiftyEmojiKeyboardDemo.app; sourceTree = BUILT_PRODUCTS_DIR; };
		E597596C1CD1FFC2001F2AC5 /* AppDelegate.swift */ = {isa = PBXFileReference; lastKnownFileType = sourcecode.swift; path = AppDelegate.swift; sourceTree = "<group>"; };
		E597596E1CD1FFC2001F2AC5 /* ViewController.swift */ = {isa = PBXFileReference; lastKnownFileType = sourcecode.swift; path = ViewController.swift; sourceTree = "<group>"; };
		E59759711CD1FFC2001F2AC5 /* Base */ = {isa = PBXFileReference; lastKnownFileType = file.storyboard; name = Base; path = Base.lproj/Main.storyboard; sourceTree = "<group>"; };
		E59759731CD1FFC2001F2AC5 /* Assets.xcassets */ = {isa = PBXFileReference; lastKnownFileType = folder.assetcatalog; path = Assets.xcassets; sourceTree = "<group>"; };
		E59759761CD1FFC2001F2AC5 /* Base */ = {isa = PBXFileReference; lastKnownFileType = file.storyboard; name = Base; path = Base.lproj/LaunchScreen.storyboard; sourceTree = "<group>"; };
		E59759781CD1FFC2001F2AC5 /* Info.plist */ = {isa = PBXFileReference; lastKnownFileType = text.plist.xml; path = Info.plist; sourceTree = "<group>"; };
		E597597D1CD1FFC2001F2AC5 /* SwiftyEmojiKeyboardDemoTests.xctest */ = {isa = PBXFileReference; explicitFileType = wrapper.cfbundle; includeInIndex = 0; path = SwiftyEmojiKeyboardDemoTests.xctest; sourceTree = BUILT_PRODUCTS_DIR; };
		E59759811CD1FFC2001F2AC5 /* SwiftyEmojiKeyboardDemoTests.swift */ = {isa = PBXFileReference; lastKnownFileType = sourcecode.swift; path = SwiftyEmojiKeyboardDemoTests.swift; sourceTree = "<group>"; };
		E59759831CD1FFC2001F2AC5 /* Info.plist */ = {isa = PBXFileReference; lastKnownFileType = text.plist.xml; path = Info.plist; sourceTree = "<group>"; };
/* End PBXFileReference section */

/* Begin PBXFrameworksBuildPhase section */
		E59759661CD1FFC2001F2AC5 /* Frameworks */ = {
			isa = PBXFrameworksBuildPhase;
			buildActionMask = 2147483647;
			files = (
			);
			runOnlyForDeploymentPostprocessing = 0;
		};
		E597597A1CD1FFC2001F2AC5 /* Frameworks */ = {
			isa = PBXFrameworksBuildPhase;
			buildActionMask = 2147483647;
			files = (
			);
			runOnlyForDeploymentPostprocessing = 0;
		};
/* End PBXFrameworksBuildPhase section */

/* Begin PBXGroup section */
		E59759601CD1FFC1001F2AC5 = {
			isa = PBXGroup;
			children = (
				E597596B1CD1FFC2001F2AC5 /* SwiftyEmojiKeyboardDemo */,
				E59759801CD1FFC2001F2AC5 /* SwiftyEmojiKeyboardDemoTests */,
				E597596A1CD1FFC2001F2AC5 /* Products */,
			);
			sourceTree = "<group>";
		};
		E597596A1CD1FFC2001F2AC5 /* Products */ = {
			isa = PBXGroup;
			children = (
				E59759691CD1FFC2001F2AC5 /* SwiftyEmojiKeyboardDemo.app */,
				E597597D1CD1FFC2001F2AC5 /* SwiftyEmojiKeyboardDemoTests.xctest */,
			);
			name = Products;
			sourceTree = "<group>";
		};
		E597596B1CD1FFC2001F2AC5 /* SwiftyEmojiKeyboardDemo */ = {
			isa = PBXGroup;
			children = (
				E597596C1CD1FFC2001F2AC5 /* AppDelegate.swift */,
				E597596E1CD1FFC2001F2AC5 /* ViewController.swift */,
				E59759701CD1FFC2001F2AC5 /* Main.storyboard */,
				E59759731CD1FFC2001F2AC5 /* Assets.xcassets */,
				E59759751CD1FFC2001F2AC5 /* LaunchScreen.storyboard */,
				E59759781CD1FFC2001F2AC5 /* Info.plist */,
			);
			path = SwiftyEmojiKeyboardDemo;
			sourceTree = "<group>";
		};
		E59759801CD1FFC2001F2AC5 /* SwiftyEmojiKeyboardDemoTests */ = {
			isa = PBXGroup;
			children = (
				E59759811CD1FFC2001F2AC5 /* SwiftyEmojiKeyboardDemoTests.swift */,
				E59759831CD1FFC2001F2AC5 /* Info.plist */,
			);
			path = SwiftyEmojiKeyboardDemoTests;
			sourceTree = "<group>";
		};
/* End PBXGroup section */

/* Begin PBXNativeTarget section */
		E59759681CD1FFC2001F2AC5 /* SwiftyEmojiKeyboardDemo */ = {
			isa = PBXNativeTarget;
			buildConfigurationList = E59759861CD1FFC2001F2AC5 /* Build configuration list for PBXNativeTarget "SwiftyEmojiKeyboardDemo" */;
			buildPhases = (
				E59759651CD1FFC2001F2AC5 /* Sources */,
				E59759661CD1FFC2001F2AC5 /* Frameworks */,
				E59759671CD1FFC2001F2AC5 /* Resources */,
			);
			buildRules = (
			);
			dependencies = (
			);
			name = SwiftyEmojiKeyboardDemo;
			productName = SwiftyEmojiKeyboardDemo;
			productReference = E59759691CD1FFC2001F2AC5 /* SwiftyEmojiKeyboardDemo.app */;
			productType = "com.apple.product-type.application";
		};
		E597597C1CD1FFC2001F2AC5 /* SwiftyEmojiKeyboardDemoTests */ = {
			isa = PBXNativeTarget;
			buildConfigurationList = E59759891CD1FFC2001F2AC5 /* Build configuration list for PBXNativeTarget "SwiftyEmojiKeyboardDemoTests" */;
			buildPhases = (
				E59759791CD1FFC2001F2AC5 /* Sources */,
				E597597A1CD1FFC2001F2AC5 /* Frameworks */,
				E597597B1CD1FFC2001F2AC5 /* Resources */,
			);
			buildRules = (
			);
			dependencies = (
				E597597F1CD1FFC2001F2AC5 /* PBXTargetDependency */,
			);
			name = SwiftyEmojiKeyboardDemoTests;
			productName = SwiftyEmojiKeyboardDemoTests;
			productReference = E597597D1CD1FFC2001F2AC5 /* SwiftyEmojiKeyboardDemoTests.xctest */;
			productType = "com.apple.product-type.bundle.unit-test";
		};
/* End PBXNativeTarget section */

/* Begin PBXProject section */
		E59759611CD1FFC1001F2AC5 /* Project object */ = {
			isa = PBXProject;
			attributes = {
				LastSwiftUpdateCheck = 0730;
				LastUpgradeCheck = 0730;
				ORGANIZATIONNAME = HarriesChen;
				TargetAttributes = {
					E59759681CD1FFC2001F2AC5 = {
						CreatedOnToolsVersion = 7.3;
					};
					E597597C1CD1FFC2001F2AC5 = {
						CreatedOnToolsVersion = 7.3;
						TestTargetID = E59759681CD1FFC2001F2AC5;
					};
				};
			};
			buildConfigurationList = E59759641CD1FFC1001F2AC5 /* Build configuration list for PBXProject "SwiftyEmojiKeyboardDemo" */;
			compatibilityVersion = "Xcode 3.2";
			developmentRegion = English;
			hasScannedForEncodings = 0;
			knownRegions = (
				en,
				Base,
			);
			mainGroup = E59759601CD1FFC1001F2AC5;
			productRefGroup = E597596A1CD1FFC2001F2AC5 /* Products */;
			projectDirPath = "";
			projectRoot = "";
			targets = (
				E59759681CD1FFC2001F2AC5 /* SwiftyEmojiKeyboardDemo */,
				E597597C1CD1FFC2001F2AC5 /* SwiftyEmojiKeyboardDemoTests */,
			);
		};
/* End PBXProject section */

/* Begin PBXResourcesBuildPhase section */
		E59759671CD1FFC2001F2AC5 /* Resources */ = {
			isa = PBXResourcesBuildPhase;
			buildActionMask = 2147483647;
			files = (
				E59759771CD1FFC2001F2AC5 /* LaunchScreen.storyboard in Resources */,
				E59759741CD1FFC2001F2AC5 /* Assets.xcassets in Resources */,
				E59759721CD1FFC2001F2AC5 /* Main.storyboard in Resources */,
			);
			runOnlyForDeploymentPostprocessing = 0;
		};
		E597597B1CD1FFC2001F2AC5 /* Resources */ = {
			isa = PBXResourcesBuildPhase;
			buildActionMask = 2147483647;
			files = (
			);
			runOnlyForDeploymentPostprocessing = 0;
		};
/* End PBXResourcesBuildPhase section */

/* Begin PBXSourcesBuildPhase section */
		E59759651CD1FFC2001F2AC5 /* Sources */ = {
			isa = PBXSourcesBuildPhase;
			buildActionMask = 2147483647;
			files = (
				E597596F1CD1FFC2001F2AC5 /* ViewController.swift in Sources */,
				E597596D1CD1FFC2001F2AC5 /* AppDelegate.swift in Sources */,
			);
			runOnlyForDeploymentPostprocessing = 0;
		};
		E59759791CD1FFC2001F2AC5 /* Sources */ = {
			isa = PBXSourcesBuildPhase;
			buildActionMask = 2147483647;
			files = (
				E59759821CD1FFC2001F2AC5 /* SwiftyEmojiKeyboardDemoTests.swift in Sources */,
			);
			runOnlyForDeploymentPostprocessing = 0;
		};
/* End PBXSourcesBuildPhase section */

/* Begin PBXTargetDependency section */
		E597597F1CD1FFC2001F2AC5 /* PBXTargetDependency */ = {
			isa = PBXTargetDependency;
			target = E59759681CD1FFC2001F2AC5 /* SwiftyEmojiKeyboardDemo */;
			targetProxy = E597597E1CD1FFC2001F2AC5 /* PBXContainerItemProxy */;
		};
/* End PBXTargetDependency section */

/* Begin PBXVariantGroup section */
		E59759701CD1FFC2001F2AC5 /* Main.storyboard */ = {
			isa = PBXVariantGroup;
			children = (
				E59759711CD1FFC2001F2AC5 /* Base */,
			);
			name = Main.storyboard;
			sourceTree = "<group>";
		};
		E59759751CD1FFC2001F2AC5 /* LaunchScreen.storyboard */ = {
			isa = PBXVariantGroup;
			children = (
				E59759761CD1FFC2001F2AC5 /* Base */,
			);
			name = LaunchScreen.storyboard;
			sourceTree = "<group>";
		};
/* End PBXVariantGroup section */

/* Begin XCBuildConfiguration section */
		E59759841CD1FFC2001F2AC5 /* Debug */ = {
			isa = XCBuildConfiguration;
			buildSettings = {
				ALWAYS_SEARCH_USER_PATHS = NO;
				CLANG_ANALYZER_NONNULL = YES;
				CLANG_CXX_LANGUAGE_STANDARD = "gnu++0x";
				CLANG_CXX_LIBRARY = "libc++";
				CLANG_ENABLE_MODULES = YES;
				CLANG_ENABLE_OBJC_ARC = YES;
				CLANG_WARN_BOOL_CONVERSION = YES;
				CLANG_WARN_CONSTANT_CONVERSION = YES;
				CLANG_WARN_DIRECT_OBJC_ISA_USAGE = YES_ERROR;
				CLANG_WARN_EMPTY_BODY = YES;
				CLANG_WARN_ENUM_CONVERSION = YES;
				CLANG_WARN_INT_CONVERSION = YES;
				CLANG_WARN_OBJC_ROOT_CLASS = YES_ERROR;
				CLANG_WARN_UNREACHABLE_CODE = YES;
				CLANG_WARN__DUPLICATE_METHOD_MATCH = YES;
				"CODE_SIGN_IDENTITY[sdk=iphoneos*]" = "iPhone Developer";
				COPY_PHASE_STRIP = NO;
				DEBUG_INFORMATION_FORMAT = dwarf;
				ENABLE_STRICT_OBJC_MSGSEND = YES;
				ENABLE_TESTABILITY = YES;
				GCC_C_LANGUAGE_STANDARD = gnu99;
				GCC_DYNAMIC_NO_PIC = NO;
				GCC_NO_COMMON_BLOCKS = YES;
				GCC_OPTIMIZATION_LEVEL = 0;
				GCC_PREPROCESSOR_DEFINITIONS = (
					"DEBUG=1",
					"$(inherited)",
				);
				GCC_WARN_64_TO_32_BIT_CONVERSION = YES;
				GCC_WARN_ABOUT_RETURN_TYPE = YES_ERROR;
				GCC_WARN_UNDECLARED_SELECTOR = YES;
				GCC_WARN_UNINITIALIZED_AUTOS = YES_AGGRESSIVE;
				GCC_WARN_UNUSED_FUNCTION = YES;
				GCC_WARN_UNUSED_VARIABLE = YES;
				IPHONEOS_DEPLOYMENT_TARGET = 9.3;
				MTL_ENABLE_DEBUG_INFO = YES;
				ONLY_ACTIVE_ARCH = YES;
				SDKROOT = iphoneos;
				SWIFT_OPTIMIZATION_LEVEL = "-Onone";
			};
			name = Debug;
		};
		E59759851CD1FFC2001F2AC5 /* Release */ = {
			isa = XCBuildConfiguration;
			buildSettings = {
				ALWAYS_SEARCH_USER_PATHS = NO;
				CLANG_ANALYZER_NONNULL = YES;
				CLANG_CXX_LANGUAGE_STANDARD = "gnu++0x";
				CLANG_CXX_LIBRARY = "libc++";
				CLANG_ENABLE_MODULES = YES;
				CLANG_ENABLE_OBJC_ARC = YES;
				CLANG_WARN_BOOL_CONVERSION = YES;
				CLANG_WARN_CONSTANT_CONVERSION = YES;
				CLANG_WARN_DIRECT_OBJC_ISA_USAGE = YES_ERROR;
				CLANG_WARN_EMPTY_BODY = YES;
				CLANG_WARN_ENUM_CONVERSION = YES;
				CLANG_WARN_INT_CONVERSION = YES;
				CLANG_WARN_OBJC_ROOT_CLASS = YES_ERROR;
				CLANG_WARN_UNREACHABLE_CODE = YES;
				CLANG_WARN__DUPLICATE_METHOD_MATCH = YES;
				"CODE_SIGN_IDENTITY[sdk=iphoneos*]" = "iPhone Developer";
				COPY_PHASE_STRIP = NO;
				DEBUG_INFORMATION_FORMAT = "dwarf-with-dsym";
				ENABLE_NS_ASSERTIONS = NO;
				ENABLE_STRICT_OBJC_MSGSEND = YES;
				GCC_C_LANGUAGE_STANDARD = gnu99;
				GCC_NO_COMMON_BLOCKS = YES;
				GCC_WARN_64_TO_32_BIT_CONVERSION = YES;
				GCC_WARN_ABOUT_RETURN_TYPE = YES_ERROR;
				GCC_WARN_UNDECLARED_SELECTOR = YES;
				GCC_WARN_UNINITIALIZED_AUTOS = YES_AGGRESSIVE;
				GCC_WARN_UNUSED_FUNCTION = YES;
				GCC_WARN_UNUSED_VARIABLE = YES;
				IPHONEOS_DEPLOYMENT_TARGET = 9.3;
				MTL_ENABLE_DEBUG_INFO = NO;
				SDKROOT = iphoneos;
				VALIDATE_PRODUCT = YES;
			};
			name = Release;
		};
		E59759871CD1FFC2001F2AC5 /* Debug */ = {
			isa = XCBuildConfiguration;
			buildSettings = {
				ASSETCATALOG_COMPILER_APPICON_NAME = AppIcon;
				INFOPLIST_FILE = SwiftyEmojiKeyboardDemo/Info.plist;
				LD_RUNPATH_SEARCH_PATHS = "$(inherited) @executable_path/Frameworks";
				PRODUCT_BUNDLE_IDENTIFIER = com.harrieschen.SwiftyEmojiKeyboardDemo;
				PRODUCT_NAME = "$(TARGET_NAME)";
			};
			name = Debug;
		};
		E59759881CD1FFC2001F2AC5 /* Release */ = {
			isa = XCBuildConfiguration;
			buildSettings = {
				ASSETCATALOG_COMPILER_APPICON_NAME = AppIcon;
				INFOPLIST_FILE = SwiftyEmojiKeyboardDemo/Info.plist;
				LD_RUNPATH_SEARCH_PATHS = "$(inherited) @executable_path/Frameworks";
				PRODUCT_BUNDLE_IDENTIFIER = com.harrieschen.SwiftyEmojiKeyboardDemo;
				PRODUCT_NAME = "$(TARGET_NAME)";
			};
			name = Release;
		};
		E597598A1CD1FFC2001F2AC5 /* Debug */ = {
			isa = XCBuildConfiguration;
			buildSettings = {
				BUNDLE_LOADER = "$(TEST_HOST)";
				INFOPLIST_FILE = SwiftyEmojiKeyboardDemoTests/Info.plist;
				LD_RUNPATH_SEARCH_PATHS = "$(inherited) @executable_path/Frameworks @loader_path/Frameworks";
				PRODUCT_BUNDLE_IDENTIFIER = com.harrieschen.SwiftyEmojiKeyboardDemoTests;
				PRODUCT_NAME = "$(TARGET_NAME)";
				TEST_HOST = "$(BUILT_PRODUCTS_DIR)/SwiftyEmojiKeyboardDemo.app/SwiftyEmojiKeyboardDemo";
			};
			name = Debug;
		};
		E597598B1CD1FFC2001F2AC5 /* Release */ = {
			isa = XCBuildConfiguration;
			buildSettings = {
				BUNDLE_LOADER = "$(TEST_HOST)";
				INFOPLIST_FILE = SwiftyEmojiKeyboardDemoTests/Info.plist;
				LD_RUNPATH_SEARCH_PATHS = "$(inherited) @executable_path/Frameworks @loader_path/Frameworks";
				PRODUCT_BUNDLE_IDENTIFIER = com.harrieschen.SwiftyEmojiKeyboardDemoTests;
				PRODUCT_NAME = "$(TARGET_NAME)";
				TEST_HOST = "$(BUILT_PRODUCTS_DIR)/SwiftyEmojiKeyboardDemo.app/SwiftyEmojiKeyboardDemo";
			};
			name = Release;
		};
/* End XCBuildConfiguration section */

/* Begin XCConfigurationList section */
		E59759641CD1FFC1001F2AC5 /* Build configuration list for PBXProject "SwiftyEmojiKeyboardDemo" */ = {
			isa = XCConfigurationList;
			buildConfigurations = (
				E59759841CD1FFC2001F2AC5 /* Debug */,
				E59759851CD1FFC2001F2AC5 /* Release */,
			);
			defaultConfigurationIsVisible = 0;
			defaultConfigurationName = Release;
		};
		E59759861CD1FFC2001F2AC5 /* Build configuration list for PBXNativeTarget "SwiftyEmojiKeyboardDemo" */ = {
			isa = XCConfigurationList;
			buildConfigurations = (
				E59759871CD1FFC2001F2AC5 /* Debug */,
				E59759881CD1FFC2001F2AC5 /* Release */,
			);
			defaultConfigurationIsVisible = 0;
		};
		E59759891CD1FFC2001F2AC5 /* Build configuration list for PBXNativeTarget "SwiftyEmojiKeyboardDemoTests" */ = {
			isa = XCConfigurationList;
			buildConfigurations = (
				E597598A1CD1FFC2001F2AC5 /* Debug */,
				E597598B1CD1FFC2001F2AC5 /* Release */,
			);
			defaultConfigurationIsVisible = 0;
		};
/* End XCConfigurationList section */
	};
	rootObject = E59759611CD1FFC1001F2AC5 /* Project object */;
}
